
Microsoft Visual Studio Solution File, Format Version 12.00
# Visual Studio Version 17
VisualStudioVersion = 17.13.35818.85 d17.13
MinimumVisualStudioVersion = 10.0.40219.1
Project("{FAE04EC0-301F-11D3-BF4B-00C04F79EFBC}") = "DemoConsole", "DemoConsole.csproj", "{93CCE2D2-A069-494B-8EC8-DAD0AE12D3F5}"
EndProject
Global
	GlobalSection(SolutionConfigurationPlatforms) = preSolution
		Debug|Any CPU = Debug|Any CPU
		Release|Any CPU = Release|Any CPU
	EndGlobalSection
	GlobalSection(ProjectConfigurationPlatforms) = postSolution
		{93CCE2D2-A069-494B-8EC8-DAD0AE12D3F5}.Debug|Any CPU.ActiveCfg = Debug|Any CPU
		{93CCE2D2-A069-494B-8EC8-DAD0AE12D3F5}.Debug|Any CPU.Build.0 = Debug|Any CPU
		{93CCE2D2-A069-494B-8EC8-DAD0AE12D3F5}.Release|Any CPU.ActiveCfg = Release|Any CPU
		{93CCE2D2-A069-494B-8EC8-DAD0AE12D3F5}.Release|Any CPU.Build.0 = Release|Any CPU
	EndGlobalSection
	GlobalSection(SolutionProperties) = preSolution
		HideSolutionNode = FALSE
	EndGlobalSection
	GlobalSection(ExtensibilityGlobals) = postSolution
		SolutionGuid = {A96A47BD-66BA-4806-8C9C-D51778F7E6A8}
	EndGlobalSection
EndGlobal
